// !$*UTF8*$!
{
	archiveVersion = 1;
	classes = {
	};
	objectVersion = 55;
	objects = {

/* Begin PBXBuildFile section */
		188A2C7B28BF818F00F76D6A /* DZ1App.swift in Sources */ = {isa = PBXBuildFile; fileRef = 188A2C7A28BF818F00F76D6A /* DZ1App.swift */; };
		188A2C7D28BF818F00F76D6A /* ContentView.swift in Sources */ = {isa = PBXBuildFile; fileRef = 188A2C7C28BF818F00F76D6A /* ContentView.swift */; };
		188A2C7F28BF819200F76D6A /* Assets.xcassets in Resources */ = {isa = PBXBuildFile; fileRef = 188A2C7E28BF819200F76D6A /* Assets.xcassets */; };
		188A2C8228BF819200F76D6A /* Preview Assets.xcassets in Resources */ = {isa = PBXBuildFile; fileRef = 188A2C8128BF819200F76D6A /* Preview Assets.xcassets */; };
		188A2C8A28BF834C00F76D6A /* HomeScreen.swift in Sources */ = {isa = PBXBuildFile; fileRef = 188A2C8928BF834C00F76D6A /* HomeScreen.swift */; };
		188A2C8C28BF836C00F76D6A /* DashboardScreen.swift in Sources */ = {isa = PBXBuildFile; fileRef = 188A2C8B28BF836C00F76D6A /* DashboardScreen.swift */; };
		188A2C8E28BF837B00F76D6A /* ProfileScreen.swift in Sources */ = {isa = PBXBuildFile; fileRef = 188A2C8D28BF837B00F76D6A /* ProfileScreen.swift */; };
		188A2C9028BFB07C00F76D6A /* BankaScreen.swift in Sources */ = {isa = PBXBuildFile; fileRef = 188A2C8F28BFB07C00F76D6A /* BankaScreen.swift */; };
		188A2C9328BFB19A00F76D6A /* BankaModel.swift in Sources */ = {isa = PBXBuildFile; fileRef = 188A2C9228BFB19A00F76D6A /* BankaModel.swift */; };
		188A2C9628BFB1D000F76D6A /* DashBoardVM.swift in Sources */ = {isa = PBXBuildFile; fileRef = 188A2C9528BFB1D000F76D6A /* DashBoardVM.swift */; };
		188A2C9828BFB6EA00F76D6A /* SettingsScreen.swift in Sources */ = {isa = PBXBuildFile; fileRef = 188A2C9728BFB6EA00F76D6A /* SettingsScreen.swift */; };
		188A2C9B28BFC35600F76D6A /* HeaderView.swift in Sources */ = {isa = PBXBuildFile; fileRef = 188A2C9A28BFC35600F76D6A /* HeaderView.swift */; };
/* End PBXBuildFile section */

/* Begin PBXFileReference section */
		188A2C7728BF818F00F76D6A /* DZ1.app */ = {isa = PBXFileReference; explicitFileType = wrapper.application; includeInIndex = 0; path = DZ1.app; sourceTree = BUILT_PRODUCTS_DIR; };
		188A2C7A28BF818F00F76D6A /* DZ1App.swift */ = {isa = PBXFileReference; lastKnownFileType = sourcecode.swift; path = DZ1App.swift; sourceTree = "<group>"; };
		188A2C7C28BF818F00F76D6A /* ContentView.swift */ = {isa = PBXFileReference; lastKnownFileType = sourcecode.swift; path = ContentView.swift; sourceTree = "<group>"; };
		188A2C7E28BF819200F76D6A /* Assets.xcassets */ = {isa = PBXFileReference; lastKnownFileType = folder.assetcatalog; path = Assets.xcassets; sourceTree = "<group>"; };
		188A2C8128BF819200F76D6A /* Preview Assets.xcassets */ = {isa = PBXFileReference; lastKnownFileType = folder.assetcatalog; path = "Preview Assets.xcassets"; sourceTree = "<group>"; };
		188A2C8928BF834C00F76D6A /* HomeScreen.swift */ = {isa = PBXFileReference; lastKnownFileType = sourcecode.swift; path = HomeScreen.swift; sourceTree = "<group>"; };
		188A2C8B28BF836C00F76D6A /* DashboardScreen.swift */ = {isa = PBXFileReference; lastKnownFileType = sourcecode.swift; path = DashboardScreen.swift; sourceTree = "<group>"; };
		188A2C8D28BF837B00F76D6A /* ProfileScreen.swift */ = {isa = PBXFileReference; lastKnownFileType = sourcecode.swift; path = ProfileScreen.swift; sourceTree = "<group>"; };
		188A2C8F28BFB07C00F76D6A /* BankaScreen.swift */ = {isa = PBXFileReference; lastKnownFileType = sourcecode.swift; path = BankaScreen.swift; sourceTree = "<group>"; };
		188A2C9228BFB19A00F76D6A /* BankaModel.swift */ = {isa = PBXFileReference; lastKnownFileType = sourcecode.swift; path = BankaModel.swift; sourceTree = "<group>"; };
		188A2C9528BFB1D000F76D6A /* DashBoardVM.swift */ = {isa = PBXFileReference; lastKnownFileType = sourcecode.swift; path = DashBoardVM.swift; sourceTree = "<group>"; };
		188A2C9728BFB6EA00F76D6A /* SettingsScreen.swift */ = {isa = PBXFileReference; lastKnownFileType = sourcecode.swift; path = SettingsScreen.swift; sourceTree = "<group>"; };
		188A2C9A28BFC35600F76D6A /* HeaderView.swift */ = {isa = PBXFileReference; lastKnownFileType = sourcecode.swift; path = HeaderView.swift; sourceTree = "<group>"; };
/* End PBXFileReference section */

/* Begin PBXFrameworksBuildPhase section */
		188A2C7428BF818F00F76D6A /* Frameworks */ = {
			isa = PBXFrameworksBuildPhase;
			buildActionMask = 2147483647;
			files = (
			);
			runOnlyForDeploymentPostprocessing = 0;
		};
/* End PBXFrameworksBuildPhase section */

/* Begin PBXGroup section */
		188A2C6E28BF818F00F76D6A = {
			isa = PBXGroup;
			children = (
				188A2C7928BF818F00F76D6A /* DZ1 */,
				188A2C7828BF818F00F76D6A /* Products */,
			);
			sourceTree = "<group>";
		};
		188A2C7828BF818F00F76D6A /* Products */ = {
			isa = PBXGroup;
			children = (
				188A2C7728BF818F00F76D6A /* DZ1.app */,
			);
			name = Products;
			sourceTree = "<group>";
		};
		188A2C7928BF818F00F76D6A /* DZ1 */ = {
			isa = PBXGroup;
			children = (
				188A2C9928BFC2ED00F76D6A /* Components */,
				188A2C9428BFB1B500F76D6A /* ViewModels */,
				188A2C9128BFB18600F76D6A /* Models */,
				188A2C8828BF833D00F76D6A /* Screens */,
				188A2C7A28BF818F00F76D6A /* DZ1App.swift */,
				188A2C7C28BF818F00F76D6A /* ContentView.swift */,
				188A2C7E28BF819200F76D6A /* Assets.xcassets */,
				188A2C8028BF819200F76D6A /* Preview Content */,
			);
			path = DZ1;
			sourceTree = "<group>";
		};
		188A2C8028BF819200F76D6A /* Preview Content */ = {
			isa = PBXGroup;
			children = (
				188A2C8128BF819200F76D6A /* Preview Assets.xcassets */,
			);
			path = "Preview Content";
			sourceTree = "<group>";
		};
		188A2C8828BF833D00F76D6A /* Screens */ = {
			isa = PBXGroup;
			children = (
				188A2C8928BF834C00F76D6A /* HomeScreen.swift */,
				188A2C8B28BF836C00F76D6A /* DashboardScreen.swift */,
				188A2C8D28BF837B00F76D6A /* ProfileScreen.swift */,
				188A2C8F28BFB07C00F76D6A /* BankaScreen.swift */,
				188A2C9728BFB6EA00F76D6A /* SettingsScreen.swift */,
			);
			path = Screens;
			sourceTree = "<group>";
		};
		188A2C9128BFB18600F76D6A /* Models */ = {
			isa = PBXGroup;
			children = (
				188A2C9228BFB19A00F76D6A /* BankaModel.swift */,
			);
			path = Models;
			sourceTree = "<group>";
		};
		188A2C9428BFB1B500F76D6A /* ViewModels */ = {
			isa = PBXGroup;
			children = (
				188A2C9528BFB1D000F76D6A /* DashBoardVM.swift */,
			);
			path = ViewModels;
			sourceTree = "<group>";
		};
		188A2C9928BFC2ED00F76D6A /* Components */ = {
			isa = PBXGroup;
			children = (
				188A2C9A28BFC35600F76D6A /* HeaderView.swift */,
			);
			path = Components;
			sourceTree = "<group>";
		};
/* End PBXGroup section */

/* Begin PBXNativeTarget section */
		188A2C7628BF818F00F76D6A /* DZ1 */ = {
			isa = PBXNativeTarget;
			buildConfigurationList = 188A2C8528BF819200F76D6A /* Build configuration list for PBXNativeTarget "DZ1" */;
			buildPhases = (
				188A2C7328BF818F00F76D6A /* Sources */,
				188A2C7428BF818F00F76D6A /* Frameworks */,
				188A2C7528BF818F00F76D6A /* Resources */,
			);
			buildRules = (
			);
			dependencies = (
			);
			name = DZ1;
			productName = DZ1;
			productReference = 188A2C7728BF818F00F76D6A /* DZ1.app */;
			productType = "com.apple.product-type.application";
		};
/* End PBXNativeTarget section */

/* Begin PBXProject section */
		188A2C6F28BF818F00F76D6A /* Project object */ = {
			isa = PBXProject;
			attributes = {
				BuildIndependentTargetsInParallel = 1;
				LastSwiftUpdateCheck = 1340;
				LastUpgradeCheck = 1340;
				TargetAttributes = {
					188A2C7628BF818F00F76D6A = {
						CreatedOnToolsVersion = 13.4.1;
					};
				};
			};
			buildConfigurationList = 188A2C7228BF818F00F76D6A /* Build configuration list for PBXProject "DZ1" */;
			compatibilityVersion = "Xcode 13.0";
			developmentRegion = en;
			hasScannedForEncodings = 0;
			knownRegions = (
				en,
				Base,
			);
			mainGroup = 188A2C6E28BF818F00F76D6A;
			productRefGroup = 188A2C7828BF818F00F76D6A /* Products */;
			projectDirPath = "";
			projectRoot = "";
			targets = (
				188A2C7628BF818F00F76D6A /* DZ1 */,
			);
		};
/* End PBXProject section */

/* Begin PBXResourcesBuildPhase section */
		188A2C7528BF818F00F76D6A /* Resources */ = {
			isa = PBXResourcesBuildPhase;
			buildActionMask = 2147483647;
			files = (
				188A2C8228BF819200F76D6A /* Preview Assets.xcassets in Resources */,
				188A2C7F28BF819200F76D6A /* Assets.xcassets in Resources */,
			);
			runOnlyForDeploymentPostprocessing = 0;
		};
/* End PBXResourcesBuildPhase section */

/* Begin PBXSourcesBuildPhase section */
		188A2C7328BF818F00F76D6A /* Sources */ = {
			isa = PBXSourcesBuildPhase;
			buildActionMask = 2147483647;
			files = (
				188A2C8C28BF836C00F76D6A /* DashboardScreen.swift in Sources */,
				188A2C9828BFB6EA00F76D6A /* SettingsScreen.swift in Sources */,
				188A2C7D28BF818F00F76D6A /* ContentView.swift in Sources */,
				188A2C7B28BF818F00F76D6A /* DZ1App.swift in Sources */,
				188A2C8A28BF834C00F76D6A /* HomeScreen.swift in Sources */,
				188A2C9B28BFC35600F76D6A /* HeaderView.swift in Sources */,
				188A2C8E28BF837B00F76D6A /* ProfileScreen.swift in Sources */,
				188A2C9328BFB19A00F76D6A /* BankaModel.swift in Sources */,
				188A2C9028BFB07C00F76D6A /* BankaScreen.swift in Sources */,
				188A2C9628BFB1D000F76D6A /* DashBoardVM.swift in Sources */,
			);
			runOnlyForDeploymentPostprocessing = 0;
		};
/* End PBXSourcesBuildPhase section */

/* Begin XCBuildConfiguration section */
		188A2C8328BF819200F76D6A /* Debug */ = {
			isa = XCBuildConfiguration;
			buildSettings = {
				ALWAYS_SEARCH_USER_PATHS = NO;
				CLANG_ANALYZER_NONNULL = YES;
				CLANG_ANALYZER_NUMBER_OBJECT_CONVERSION = YES_AGGRESSIVE;
				CLANG_CXX_LANGUAGE_STANDARD = "gnu++17";
				CLANG_ENABLE_MODULES = YES;
				CLANG_ENABLE_OBJC_ARC = YES;
				CLANG_ENABLE_OBJC_WEAK = YES;
				CLANG_WARN_BLOCK_CAPTURE_AUTORELEASING = YES;
				CLANG_WARN_BOOL_CONVERSION = YES;
				CLANG_WARN_COMMA = YES;
				CLANG_WARN_CONSTANT_CONVERSION = YES;
				CLANG_WARN_DEPRECATED_OBJC_IMPLEMENTATIONS = YES;
				CLANG_WARN_DIRECT_OBJC_ISA_USAGE = YES_ERROR;
				CLANG_WARN_DOCUMENTATION_COMMENTS = YES;
				CLANG_WARN_EMPTY_BODY = YES;
				CLANG_WARN_ENUM_CONVERSION = YES;
				CLANG_WARN_INFINITE_RECURSION = YES;
				CLANG_WARN_INT_CONVERSION = YES;
				CLANG_WARN_NON_LITERAL_NULL_CONVERSION = YES;
				CLANG_WARN_OBJC_IMPLICIT_RETAIN_SELF = YES;
				CLANG_WARN_OBJC_LITERAL_CONVERSION = YES;
				CLANG_WARN_OBJC_ROOT_CLASS = YES_ERROR;
				CLANG_WARN_QUOTED_INCLUDE_IN_FRAMEWORK_HEADER = YES;
				CLANG_WARN_RANGE_LOOP_ANALYSIS = YES;
				CLANG_WARN_STRICT_PROTOTYPES = YES;
				CLANG_WARN_SUSPICIOUS_MOVE = YES;
				CLANG_WARN_UNGUARDED_AVAILABILITY = YES_AGGRESSIVE;
				CLANG_WARN_UNREACHABLE_CODE = YES;
				CLANG_WARN__DUPLICATE_METHOD_MATCH = YES;
				COPY_PHASE_STRIP = NO;
				DEBUG_INFORMATION_FORMAT = dwarf;
				ENABLE_STRICT_OBJC_MSGSEND = YES;
				ENABLE_TESTABILITY = YES;
				GCC_C_LANGUAGE_STANDARD = gnu11;
				GCC_DYNAMIC_NO_PIC = NO;
				GCC_NO_COMMON_BLOCKS = YES;
				GCC_OPTIMIZATION_LEVEL = 0;
				GCC_PREPROCESSOR_DEFINITIONS = (
					"DEBUG=1",
					"$(inherited)",
				);
				GCC_WARN_64_TO_32_BIT_CONVERSION = YES;
				GCC_WARN_ABOUT_RETURN_TYPE = YES_ERROR;
				GCC_WARN_UNDECLARED_SELECTOR = YES;
				GCC_WARN_UNINITIALIZED_AUTOS = YES_AGGRESSIVE;
				GCC_WARN_UNUSED_FUNCTION = YES;
				GCC_WARN_UNUSED_VARIABLE = YES;
				IPHONEOS_DEPLOYMENT_TARGET = 15.5;
				MTL_ENABLE_DEBUG_INFO = INCLUDE_SOURCE;
				MTL_FAST_MATH = YES;
				ONLY_ACTIVE_ARCH = YES;
				SDKROOT = iphoneos;
				SWIFT_ACTIVE_COMPILATION_CONDITIONS = DEBUG;
				SWIFT_OPTIMIZATION_LEVEL = "-Onone";
			};
			name = Debug;
		};
		188A2C8428BF819200F76D6A /* Release */ = {
			isa = XCBuildConfiguration;
			buildSettings = {
				ALWAYS_SEARCH_USER_PATHS = NO;
				CLANG_ANALYZER_NONNULL = YES;
				CLANG_ANALYZER_NUMBER_OBJECT_CONVERSION = YES_AGGRESSIVE;
				CLANG_CXX_LANGUAGE_STANDARD = "gnu++17";
				CLANG_ENABLE_MODULES = YES;
				CLANG_ENABLE_OBJC_ARC = YES;
				CLANG_ENABLE_OBJC_WEAK = YES;
				CLANG_WARN_BLOCK_CAPTURE_AUTORELEASING = YES;
				CLANG_WARN_BOOL_CONVERSION = YES;
				CLANG_WARN_COMMA = YES;
				CLANG_WARN_CONSTANT_CONVERSION = YES;
				CLANG_WARN_DEPRECATED_OBJC_IMPLEMENTATIONS = YES;
				CLANG_WARN_DIRECT_OBJC_ISA_USAGE = YES_ERROR;
				CLANG_WARN_DOCUMENTATION_COMMENTS = YES;
				CLANG_WARN_EMPTY_BODY = YES;
				CLANG_WARN_ENUM_CONVERSION = YES;
				CLANG_WARN_INFINITE_RECURSION = YES;
				CLANG_WARN_INT_CONVERSION = YES;
				CLANG_WARN_NON_LITERAL_NULL_CONVERSION = YES;
				CLANG_WARN_OBJC_IMPLICIT_RETAIN_SELF = YES;
				CLANG_WARN_OBJC_LITERAL_CONVERSION = YES;
				CLANG_WARN_OBJC_ROOT_CLASS = YES_ERROR;
				CLANG_WARN_QUOTED_INCLUDE_IN_FRAMEWORK_HEADER = YES;
				CLANG_WARN_RANGE_LOOP_ANALYSIS = YES;
				CLANG_WARN_STRICT_PROTOTYPES = YES;
				CLANG_WARN_SUSPICIOUS_MOVE = YES;
				CLANG_WARN_UNGUARDED_AVAILABILITY = YES_AGGRESSIVE;
				CLANG_WARN_UNREACHABLE_CODE = YES;
				CLANG_WARN__DUPLICATE_METHOD_MATCH = YES;
				COPY_PHASE_STRIP = NO;
				DEBUG_INFORMATION_FORMAT = "dwarf-with-dsym";
				ENABLE_NS_ASSERTIONS = NO;
				ENABLE_STRICT_OBJC_MSGSEND = YES;
				GCC_C_LANGUAGE_STANDARD = gnu11;
				GCC_NO_COMMON_BLOCKS = YES;
				GCC_WARN_64_TO_32_BIT_CONVERSION = YES;
				GCC_WARN_ABOUT_RETURN_TYPE = YES_ERROR;
				GCC_WARN_UNDECLARED_SELECTOR = YES;
				GCC_WARN_UNINITIALIZED_AUTOS = YES_AGGRESSIVE;
				GCC_WARN_UNUSED_FUNCTION = YES;
				GCC_WARN_UNUSED_VARIABLE = YES;
				IPHONEOS_DEPLOYMENT_TARGET = 15.5;
				MTL_ENABLE_DEBUG_INFO = NO;
				MTL_FAST_MATH = YES;
				SDKROOT = iphoneos;
				SWIFT_COMPILATION_MODE = wholemodule;
				SWIFT_OPTIMIZATION_LEVEL = "-O";
				VALIDATE_PRODUCT = YES;
			};
			name = Release;
		};
		188A2C8628BF819200F76D6A /* Debug */ = {
			isa = XCBuildConfiguration;
			buildSettings = {
				ASSETCATALOG_COMPILER_APPICON_NAME = AppIcon;
				ASSETCATALOG_COMPILER_GLOBAL_ACCENT_COLOR_NAME = AccentColor;
				CODE_SIGN_STYLE = Automatic;
				CURRENT_PROJECT_VERSION = 1;
				DEVELOPMENT_ASSET_PATHS = "\"DZ1/Preview Content\"";
				DEVELOPMENT_TEAM = KNN63YTP7U;
				ENABLE_PREVIEWS = YES;
				GENERATE_INFOPLIST_FILE = YES;
				INFOPLIST_KEY_UIApplicationSceneManifest_Generation = YES;
				INFOPLIST_KEY_UIApplicationSupportsIndirectInputEvents = YES;
				INFOPLIST_KEY_UILaunchScreen_Generation = YES;
				INFOPLIST_KEY_UISupportedInterfaceOrientations_iPad = "UIInterfaceOrientationPortrait UIInterfaceOrientationPortraitUpsideDown UIInterfaceOrientationLandscapeLeft UIInterfaceOrientationLandscapeRight";
				INFOPLIST_KEY_UISupportedInterfaceOrientations_iPhone = "UIInterfaceOrientationPortrait UIInterfaceOrientationLandscapeLeft UIInterfaceOrientationLandscapeRight";
				IPHONEOS_DEPLOYMENT_TARGET = 14.0;
				LD_RUNPATH_SEARCH_PATHS = (
					"$(inherited)",
					"@executable_path/Frameworks",
				);
				MARKETING_VERSION = 1.0;
				PRODUCT_BUNDLE_IDENTIFIER = kz.alikenski.DZ1;
				PRODUCT_NAME = "$(TARGET_NAME)";
				SWIFT_EMIT_LOC_STRINGS = YES;
				SWIFT_VERSION = 5.0;
				TARGETED_DEVICE_FAMILY = "1,2";
			};
			name = Debug;
		};
		188A2C8728BF819200F76D6A /* Release */ = {
			isa = XCBuildConfiguration;
			buildSettings = {
				ASSETCATALOG_COMPILER_APPICON_NAME = AppIcon;
				ASSETCATALOG_COMPILER_GLOBAL_ACCENT_COLOR_NAME = AccentColor;
				CODE_SIGN_STYLE = Automatic;
				CURRENT_PROJECT_VERSION = 1;
				DEVELOPMENT_ASSET_PATHS = "\"DZ1/Preview Content\"";
				DEVELOPMENT_TEAM = KNN63YTP7U;
				ENABLE_PREVIEWS = YES;
				GENERATE_INFOPLIST_FILE = YES;
				INFOPLIST_KEY_UIApplicationSceneManifest_Generation = YES;
				INFOPLIST_KEY_UIApplicationSupportsIndirectInputEvents = YES;
				INFOPLIST_KEY_UILaunchScreen_Generation = YES;
				INFOPLIST_KEY_UISupportedInterfaceOrientations_iPad = "UIInterfaceOrientationPortrait UIInterfaceOrientationPortraitUpsideDown UIInterfaceOrientationLandscapeLeft UIInterfaceOrientationLandscapeRight";
				INFOPLIST_KEY_UISupportedInterfaceOrientations_iPhone = "UIInterfaceOrientationPortrait UIInterfaceOrientationLandscapeLeft UIInterfaceOrientationLandscapeRight";
				IPHONEOS_DEPLOYMENT_TARGET = 14.0;
				LD_RUNPATH_SEARCH_PATHS = (
					"$(inherited)",
					"@executable_path/Frameworks",
				);
				MARKETING_VERSION = 1.0;
				PRODUCT_BUNDLE_IDENTIFIER = kz.alikenski.DZ1;
				PRODUCT_NAME = "$(TARGET_NAME)";
				SWIFT_EMIT_LOC_STRINGS = YES;
				SWIFT_VERSION = 5.0;
				TARGETED_DEVICE_FAMILY = "1,2";
			};
			name = Release;
		};
/* End XCBuildConfiguration section */

/* Begin XCConfigurationList section */
		188A2C7228BF818F00F76D6A /* Build configuration list for PBXProject "DZ1" */ = {
			isa = XCConfigurationList;
			buildConfigurations = (
				188A2C8328BF819200F76D6A /* Debug */,
				188A2C8428BF819200F76D6A /* Release */,
			);
			defaultConfigurationIsVisible = 0;
			defaultConfigurationName = Release;
		};
		188A2C8528BF819200F76D6A /* Build configuration list for PBXNativeTarget "DZ1" */ = {
			isa = XCConfigurationList;
			buildConfigurations = (
				188A2C8628BF819200F76D6A /* Debug */,
				188A2C8728BF819200F76D6A /* Release */,
			);
			defaultConfigurationIsVisible = 0;
			defaultConfigurationName = Release;
		};
/* End XCConfigurationList section */
	};
	rootObject = 188A2C6F28BF818F00F76D6A /* Project object */;
}
